
Microsoft Visual Studio Solution File, Format Version 12.00
# Visual Studio Version 17
VisualStudioVersion = 17.13.35931.197 d17.13
MinimumVisualStudioVersion = 10.0.40219.1
Project("{FAE04EC0-301F-11D3-BF4B-00C04F79EFBC}") = "3TierWebApplication.DAL", "3TierWebApplication.DAL\3TierWebApplication.DAL.csproj", "{1A49DE2D-2BEA-4988-813F-ACCC848792CF}"
EndProject
Project("{FAE04EC0-301F-11D3-BF4B-00C04F79EFBC}") = "3TierWebApplication.BLL", "3TierWebApplication.BLL\3TierWebApplication.BLL.csproj", "{0A823572-9414-4599-B496-49211A429098}"
EndProject
Project("{FAE04EC0-301F-11D3-BF4B-00C04F79EFBC}") = "3TierWebApplication.API", "3TierWebApplication.API\3TierWebApplication.API.csproj", "{7A89D55D-CC37-488B-A17A-496729D5C5C6}"
EndProject
Global
	GlobalSection(SolutionConfigurationPlatforms) = preSolution
		Debug|Any CPU = Debug|Any CPU
		Release|Any CPU = Release|Any CPU
	EndGlobalSection
	GlobalSection(ProjectConfigurationPlatforms) = postSolution
		{1A49DE2D-2BEA-4988-813F-ACCC848792CF}.Debug|Any CPU.ActiveCfg = Debug|Any CPU
		{1A49DE2D-2BEA-4988-813F-ACCC848792CF}.Debug|Any CPU.Build.0 = Debug|Any CPU
		{1A49DE2D-2BEA-4988-813F-ACCC848792CF}.Release|Any CPU.ActiveCfg = Release|Any CPU
		{1A49DE2D-2BEA-4988-813F-ACCC848792CF}.Release|Any CPU.Build.0 = Release|Any CPU
		{0A823572-9414-4599-B496-49211A429098}.Debug|Any CPU.ActiveCfg = Debug|Any CPU
		{0A823572-9414-4599-B496-49211A429098}.Debug|Any CPU.Build.0 = Debug|Any CPU
		{0A823572-9414-4599-B496-49211A429098}.Release|Any CPU.ActiveCfg = Release|Any CPU
		{0A823572-9414-4599-B496-49211A429098}.Release|Any CPU.Build.0 = Release|Any CPU
		{7A89D55D-CC37-488B-A17A-496729D5C5C6}.Debug|Any CPU.ActiveCfg = Debug|Any CPU
		{7A89D55D-CC37-488B-A17A-496729D5C5C6}.Debug|Any CPU.Build.0 = Debug|Any CPU
		{7A89D55D-CC37-488B-A17A-496729D5C5C6}.Release|Any CPU.ActiveCfg = Release|Any CPU
		{7A89D55D-CC37-488B-A17A-496729D5C5C6}.Release|Any CPU.Build.0 = Release|Any CPU
	EndGlobalSection
	GlobalSection(SolutionProperties) = preSolution
		HideSolutionNode = FALSE
	EndGlobalSection
	GlobalSection(ExtensibilityGlobals) = postSolution
		SolutionGuid = {39EEFBFC-0598-42D4-B64B-E1292BBE1093}
	EndGlobalSection
EndGlobal
